
Microsoft Visual Studio Solution File, Format Version 12.00
# Visual Studio 15
VisualStudioVersion = 15.0.26124.0
MinimumVisualStudioVersion = 15.0.26124.0
Project("{FAE04EC0-301F-11D3-BF4B-00C04F79EFBC}") = "Ecs", "Ecs\Ecs.csproj", "{7A4667A3-27E4-4470-9B9A-1803A0E4AB82}"
EndProject
Project("{FAE04EC0-301F-11D3-BF4B-00C04F79EFBC}") = "Ecs.Tests", "Ecs.Tests\Ecs.Tests.csproj", "{C4490F80-D7B5-4D5C-81CB-4F140C94C659}"
EndProject
Project("{FAE04EC0-301F-11D3-BF4B-00C04F79EFBC}") = "Game", "Game\Game.csproj", "{993AF2B7-78CF-4670-BB72-52860363E651}"
EndProject
Project("{FAE04EC0-301F-11D3-BF4B-00C04F79EFBC}") = "Server", "Server\Server.csproj", "{33CFE03C-826B-42F3-ABB1-792CD30F221B}"
EndProject
Global
	GlobalSection(SolutionConfigurationPlatforms) = preSolution
		Debug|Any CPU = Debug|Any CPU
		Debug|x64 = Debug|x64
		Debug|x86 = Debug|x86
		Release|Any CPU = Release|Any CPU
		Release|x64 = Release|x64
		Release|x86 = Release|x86
	EndGlobalSection
	GlobalSection(SolutionProperties) = preSolution
		HideSolutionNode = FALSE
	EndGlobalSection
	GlobalSection(ProjectConfigurationPlatforms) = postSolution
		{0F1AFE01-7200-4310-BB61-569F5CDC9020}.Debug|Any CPU.ActiveCfg = Debug|Any CPU
		{0F1AFE01-7200-4310-BB61-569F5CDC9020}.Debug|Any CPU.Build.0 = Debug|Any CPU
		{0F1AFE01-7200-4310-BB61-569F5CDC9020}.Debug|x64.ActiveCfg = Debug|Any CPU
		{0F1AFE01-7200-4310-BB61-569F5CDC9020}.Debug|x64.Build.0 = Debug|Any CPU
		{0F1AFE01-7200-4310-BB61-569F5CDC9020}.Debug|x86.ActiveCfg = Debug|Any CPU
		{0F1AFE01-7200-4310-BB61-569F5CDC9020}.Debug|x86.Build.0 = Debug|Any CPU
		{0F1AFE01-7200-4310-BB61-569F5CDC9020}.Release|Any CPU.ActiveCfg = Release|Any CPU
		{0F1AFE01-7200-4310-BB61-569F5CDC9020}.Release|Any CPU.Build.0 = Release|Any CPU
		{0F1AFE01-7200-4310-BB61-569F5CDC9020}.Release|x64.ActiveCfg = Release|Any CPU
		{0F1AFE01-7200-4310-BB61-569F5CDC9020}.Release|x64.Build.0 = Release|Any CPU
		{0F1AFE01-7200-4310-BB61-569F5CDC9020}.Release|x86.ActiveCfg = Release|Any CPU
		{0F1AFE01-7200-4310-BB61-569F5CDC9020}.Release|x86.Build.0 = Release|Any CPU
		{6D3E1073-DBAB-417D-B4D1-F8D5A08CEABA}.Debug|Any CPU.ActiveCfg = Debug|Any CPU
		{6D3E1073-DBAB-417D-B4D1-F8D5A08CEABA}.Debug|Any CPU.Build.0 = Debug|Any CPU
		{6D3E1073-DBAB-417D-B4D1-F8D5A08CEABA}.Debug|x64.ActiveCfg = Debug|Any CPU
		{6D3E1073-DBAB-417D-B4D1-F8D5A08CEABA}.Debug|x64.Build.0 = Debug|Any CPU
		{6D3E1073-DBAB-417D-B4D1-F8D5A08CEABA}.Debug|x86.ActiveCfg = Debug|Any CPU
		{6D3E1073-DBAB-417D-B4D1-F8D5A08CEABA}.Debug|x86.Build.0 = Debug|Any CPU
		{6D3E1073-DBAB-417D-B4D1-F8D5A08CEABA}.Release|Any CPU.ActiveCfg = Release|Any CPU
		{6D3E1073-DBAB-417D-B4D1-F8D5A08CEABA}.Release|Any CPU.Build.0 = Release|Any CPU
		{6D3E1073-DBAB-417D-B4D1-F8D5A08CEABA}.Release|x64.ActiveCfg = Release|Any CPU
		{6D3E1073-DBAB-417D-B4D1-F8D5A08CEABA}.Release|x64.Build.0 = Release|Any CPU
		{6D3E1073-DBAB-417D-B4D1-F8D5A08CEABA}.Release|x86.ActiveCfg = Release|Any CPU
		{6D3E1073-DBAB-417D-B4D1-F8D5A08CEABA}.Release|x86.Build.0 = Release|Any CPU
		{B97D5074-5B1C-45E5-B945-14D303F029E4}.Debug|Any CPU.ActiveCfg = Debug|Any CPU
		{B97D5074-5B1C-45E5-B945-14D303F029E4}.Debug|Any CPU.Build.0 = Debug|Any CPU
		{B97D5074-5B1C-45E5-B945-14D303F029E4}.Debug|x64.ActiveCfg = Debug|Any CPU
		{B97D5074-5B1C-45E5-B945-14D303F029E4}.Debug|x64.Build.0 = Debug|Any CPU
		{B97D5074-5B1C-45E5-B945-14D303F029E4}.Debug|x86.ActiveCfg = Debug|Any CPU
		{B97D5074-5B1C-45E5-B945-14D303F029E4}.Debug|x86.Build.0 = Debug|Any CPU
		{B97D5074-5B1C-45E5-B945-14D303F029E4}.Release|Any CPU.ActiveCfg = Release|Any CPU
		{B97D5074-5B1C-45E5-B945-14D303F029E4}.Release|Any CPU.Build.0 = Release|Any CPU
		{B97D5074-5B1C-45E5-B945-14D303F029E4}.Release|x64.ActiveCfg = Release|Any CPU
		{B97D5074-5B1C-45E5-B945-14D303F029E4}.Release|x64.Build.0 = Release|Any CPU
		{B97D5074-5B1C-45E5-B945-14D303F029E4}.Release|x86.ActiveCfg = Release|Any CPU
		{B97D5074-5B1C-45E5-B945-14D303F029E4}.Release|x86.Build.0 = Release|Any CPU
		{397109D0-A79D-4745-815B-6D32D46058A7}.Debug|Any CPU.ActiveCfg = Debug|Any CPU
		{397109D0-A79D-4745-815B-6D32D46058A7}.Debug|Any CPU.Build.0 = Debug|Any CPU
		{397109D0-A79D-4745-815B-6D32D46058A7}.Debug|x64.ActiveCfg = Debug|Any CPU
		{397109D0-A79D-4745-815B-6D32D46058A7}.Debug|x64.Build.0 = Debug|Any CPU
		{397109D0-A79D-4745-815B-6D32D46058A7}.Debug|x86.ActiveCfg = Debug|Any CPU
		{397109D0-A79D-4745-815B-6D32D46058A7}.Debug|x86.Build.0 = Debug|Any CPU
		{397109D0-A79D-4745-815B-6D32D46058A7}.Release|Any CPU.ActiveCfg = Release|Any CPU
		{397109D0-A79D-4745-815B-6D32D46058A7}.Release|Any CPU.Build.0 = Release|Any CPU
		{397109D0-A79D-4745-815B-6D32D46058A7}.Release|x64.ActiveCfg = Release|Any CPU
		{397109D0-A79D-4745-815B-6D32D46058A7}.Release|x64.Build.0 = Release|Any CPU
		{397109D0-A79D-4745-815B-6D32D46058A7}.Release|x86.ActiveCfg = Release|Any CPU
		{397109D0-A79D-4745-815B-6D32D46058A7}.Release|x86.Build.0 = Release|Any CPU
		{7A4667A3-27E4-4470-9B9A-1803A0E4AB82}.Debug|Any CPU.ActiveCfg = Debug|Any CPU
		{7A4667A3-27E4-4470-9B9A-1803A0E4AB82}.Debug|Any CPU.Build.0 = Debug|Any CPU
		{7A4667A3-27E4-4470-9B9A-1803A0E4AB82}.Debug|x64.ActiveCfg = Debug|Any CPU
		{7A4667A3-27E4-4470-9B9A-1803A0E4AB82}.Debug|x64.Build.0 = Debug|Any CPU
		{7A4667A3-27E4-4470-9B9A-1803A0E4AB82}.Debug|x86.ActiveCfg = Debug|Any CPU
		{7A4667A3-27E4-4470-9B9A-1803A0E4AB82}.Debug|x86.Build.0 = Debug|Any CPU
		{7A4667A3-27E4-4470-9B9A-1803A0E4AB82}.Release|Any CPU.ActiveCfg = Release|Any CPU
		{7A4667A3-27E4-4470-9B9A-1803A0E4AB82}.Release|Any CPU.Build.0 = Release|Any CPU
		{7A4667A3-27E4-4470-9B9A-1803A0E4AB82}.Release|x64.ActiveCfg = Release|Any CPU
		{7A4667A3-27E4-4470-9B9A-1803A0E4AB82}.Release|x64.Build.0 = Release|Any CPU
		{7A4667A3-27E4-4470-9B9A-1803A0E4AB82}.Release|x86.ActiveCfg = Release|Any CPU
		{7A4667A3-27E4-4470-9B9A-1803A0E4AB82}.Release|x86.Build.0 = Release|Any CPU
		{C4490F80-D7B5-4D5C-81CB-4F140C94C659}.Debug|Any CPU.ActiveCfg = Debug|Any CPU
		{C4490F80-D7B5-4D5C-81CB-4F140C94C659}.Debug|Any CPU.Build.0 = Debug|Any CPU
		{C4490F80-D7B5-4D5C-81CB-4F140C94C659}.Debug|x64.ActiveCfg = Debug|Any CPU
		{C4490F80-D7B5-4D5C-81CB-4F140C94C659}.Debug|x64.Build.0 = Debug|Any CPU
		{C4490F80-D7B5-4D5C-81CB-4F140C94C659}.Debug|x86.ActiveCfg = Debug|Any CPU
		{C4490F80-D7B5-4D5C-81CB-4F140C94C659}.Debug|x86.Build.0 = Debug|Any CPU
		{C4490F80-D7B5-4D5C-81CB-4F140C94C659}.Release|Any CPU.ActiveCfg = Release|Any CPU
		{C4490F80-D7B5-4D5C-81CB-4F140C94C659}.Release|Any CPU.Build.0 = Release|Any CPU
		{C4490F80-D7B5-4D5C-81CB-4F140C94C659}.Release|x64.ActiveCfg = Release|Any CPU
		{C4490F80-D7B5-4D5C-81CB-4F140C94C659}.Release|x64.Build.0 = Release|Any CPU
		{C4490F80-D7B5-4D5C-81CB-4F140C94C659}.Release|x86.ActiveCfg = Release|Any CPU
		{C4490F80-D7B5-4D5C-81CB-4F140C94C659}.Release|x86.Build.0 = Release|Any CPU
		{993AF2B7-78CF-4670-BB72-52860363E651}.Debug|Any CPU.ActiveCfg = Debug|Any CPU
		{993AF2B7-78CF-4670-BB72-52860363E651}.Debug|Any CPU.Build.0 = Debug|Any CPU
		{993AF2B7-78CF-4670-BB72-52860363E651}.Debug|x64.ActiveCfg = Debug|Any CPU
		{993AF2B7-78CF-4670-BB72-52860363E651}.Debug|x64.Build.0 = Debug|Any CPU
		{993AF2B7-78CF-4670-BB72-52860363E651}.Debug|x86.ActiveCfg = Debug|Any CPU
		{993AF2B7-78CF-4670-BB72-52860363E651}.Debug|x86.Build.0 = Debug|Any CPU
		{993AF2B7-78CF-4670-BB72-52860363E651}.Release|Any CPU.ActiveCfg = Release|Any CPU
		{993AF2B7-78CF-4670-BB72-52860363E651}.Release|Any CPU.Build.0 = Release|Any CPU
		{993AF2B7-78CF-4670-BB72-52860363E651}.Release|x64.ActiveCfg = Release|Any CPU
		{993AF2B7-78CF-4670-BB72-52860363E651}.Release|x64.Build.0 = Release|Any CPU
		{993AF2B7-78CF-4670-BB72-52860363E651}.Release|x86.ActiveCfg = Release|Any CPU
		{993AF2B7-78CF-4670-BB72-52860363E651}.Release|x86.Build.0 = Release|Any CPU
		{33CFE03C-826B-42F3-ABB1-792CD30F221B}.Debug|Any CPU.ActiveCfg = Debug|Any CPU
		{33CFE03C-826B-42F3-ABB1-792CD30F221B}.Debug|Any CPU.Build.0 = Debug|Any CPU
		{33CFE03C-826B-42F3-ABB1-792CD30F221B}.Debug|x64.ActiveCfg = Debug|Any CPU
		{33CFE03C-826B-42F3-ABB1-792CD30F221B}.Debug|x64.Build.0 = Debug|Any CPU
		{33CFE03C-826B-42F3-ABB1-792CD30F221B}.Debug|x86.ActiveCfg = Debug|Any CPU
		{33CFE03C-826B-42F3-ABB1-792CD30F221B}.Debug|x86.Build.0 = Debug|Any CPU
		{33CFE03C-826B-42F3-ABB1-792CD30F221B}.Release|Any CPU.ActiveCfg = Release|Any CPU
		{33CFE03C-826B-42F3-ABB1-792CD30F221B}.Release|Any CPU.Build.0 = Release|Any CPU
		{33CFE03C-826B-42F3-ABB1-792CD30F221B}.Release|x64.ActiveCfg = Release|Any CPU
		{33CFE03C-826B-42F3-ABB1-792CD30F221B}.Release|x64.Build.0 = Release|Any CPU
		{33CFE03C-826B-42F3-ABB1-792CD30F221B}.Release|x86.ActiveCfg = Release|Any CPU
		{33CFE03C-826B-42F3-ABB1-792CD30F221B}.Release|x86.Build.0 = Release|Any CPU
	EndGlobalSection
EndGlobal
